
Microsoft Visual Studio Solution File, Format Version 12.00
# Visual Studio Version 16
VisualStudioVersion = 16.0.31321.278
MinimumVisualStudioVersion = 10.0.40219.1
Project("{FAE04EC0-301F-11D3-BF4B-00C04F79EFBC}") = "whishListG5", "whishListG5\whishListG5.csproj", "{F8FC15AD-9F4D-48FD-805C-CB0E1CB1A823}"
EndProject
Global
	GlobalSection(SolutionConfigurationPlatforms) = preSolution
		Debug|Any CPU = Debug|Any CPU
		Release|Any CPU = Release|Any CPU
	EndGlobalSection
	GlobalSection(ProjectConfigurationPlatforms) = postSolution
		{F8FC15AD-9F4D-48FD-805C-CB0E1CB1A823}.Debug|Any CPU.ActiveCfg = Debug|Any CPU
		{F8FC15AD-9F4D-48FD-805C-CB0E1CB1A823}.Debug|Any CPU.Build.0 = Debug|Any CPU
		{F8FC15AD-9F4D-48FD-805C-CB0E1CB1A823}.Release|Any CPU.ActiveCfg = Release|Any CPU
		{F8FC15AD-9F4D-48FD-805C-CB0E1CB1A823}.Release|Any CPU.Build.0 = Release|Any CPU
	EndGlobalSection
	GlobalSection(SolutionProperties) = preSolution
		HideSolutionNode = FALSE
	EndGlobalSection
	GlobalSection(ExtensibilityGlobals) = postSolution
		SolutionGuid = {65D4342C-A6EC-43FD-ACF9-E8EAE57CA604}
	EndGlobalSection
EndGlobal
